{
  "name": "express-boilerplate",
  "lockfileVersion": 2,
  "requires": true,
  "packages": {
    "": {
      "dependencies": {
        "@types/redis": "^4.0.11"
      }
    },
    "node_modules/@redis/bloom": {
      "version": "1.2.0",
      "resolved": "https://registry.npmjs.org/@redis/bloom/-/bloom-1.2.0.tgz",
      "integrity": "sha512-HG2DFjYKbpNmVXsa0keLHp/3leGJz1mjh09f2RLGGLQZzSHpkmZWuwJbAvo3QcRY8p80m5+ZdXZdYOSBLlp7Cg==",
      "peerDependencies": {
        "@redis/client": "^1.0.0"
      }
    },
    "node_modules/@redis/client": {
      "version": "1.5.11",
      "resolved": "https://registry.npmjs.org/@redis/client/-/client-1.5.11.tgz",
      "integrity": "sha512-cV7yHcOAtNQ5x/yQl7Yw1xf53kO0FNDTdDU6bFIMbW6ljB7U7ns0YRM+QIkpoqTAt6zK5k9Fq0QWlUbLcq9AvA==",
      "dependencies": {
        "cluster-key-slot": "1.1.2",
        "generic-pool": "3.9.0",
        "yallist": "4.0.0"
      },
      "engines": {
        "node": ">=14"
      }
    },
    "node_modules/@redis/graph": {
      "version": "1.1.0",
      "resolved": "https://registry.npmjs.org/@redis/graph/-/graph-1.1.0.tgz",
      "integrity": "sha512-16yZWngxyXPd+MJxeSr0dqh2AIOi8j9yXKcKCwVaKDbH3HTuETpDVPcLujhFYVPtYrngSco31BUcSa9TH31Gqg==",
      "peerDependencies": {
        "@redis/client": "^1.0.0"
      }
    },
    "node_modules/@redis/json": {
      "version": "1.0.6",
      "resolved": "https://registry.npmjs.org/@redis/json/-/json-1.0.6.tgz",
      "integrity": "sha512-rcZO3bfQbm2zPRpqo82XbW8zg4G/w4W3tI7X8Mqleq9goQjAGLL7q/1n1ZX4dXEAmORVZ4s1+uKLaUOg7LrUhw==",
      "peerDependencies": {
        "@redis/client": "^1.0.0"
      }
    },
    "node_modules/@redis/search": {
      "version": "1.1.5",
      "resolved": "https://registry.npmjs.org/@redis/search/-/search-1.1.5.tgz",
      "integrity": "sha512-hPP8w7GfGsbtYEJdn4n7nXa6xt6hVZnnDktKW4ArMaFQ/m/aR7eFvsLQmG/mn1Upq99btPJk+F27IQ2dYpCoUg==",
      "peerDependencies": {
        "@redis/client": "^1.0.0"
      }
    },
    "node_modules/@redis/time-series": {
      "version": "1.0.5",
      "resolved": "https://registry.npmjs.org/@redis/time-series/-/time-series-1.0.5.tgz",
      "integrity": "sha512-IFjIgTusQym2B5IZJG3XKr5llka7ey84fw/NOYqESP5WUfQs9zz1ww/9+qoz4ka/S6KcGBodzlCeZ5UImKbscg==",
      "peerDependencies": {
        "@redis/client": "^1.0.0"
      }
    },
    "node_modules/@types/redis": {
      "version": "4.0.11",
      "resolved": "https://registry.npmjs.org/@types/redis/-/redis-4.0.11.tgz",
      "integrity": "sha512-bI+gth8La8Wg/QCR1+V1fhrL9+LZUSWfcqpOj2Kc80ZQ4ffbdL173vQd5wovmoV9i071FU9oP2g6etLuEwb6Rg==",
      "deprecated": "This is a stub types definition. redis provides its own type definitions, so you do not need this installed.",
      "dependencies": {
        "redis": "*"
      }
    },
    "node_modules/cluster-key-slot": {
      "version": "1.1.2",
      "resolved": "https://registry.npmjs.org/cluster-key-slot/-/cluster-key-slot-1.1.2.tgz",
      "integrity": "sha512-RMr0FhtfXemyinomL4hrWcYJxmX6deFdCxpJzhDttxgO1+bcCnkk+9drydLVDmAMG7NE6aN/fl4F7ucU/90gAA==",
      "engines": {
        "node": ">=0.10.0"
      }
    },
    "node_modules/generic-pool": {
      "version": "3.9.0",
      "resolved": "https://registry.npmjs.org/generic-pool/-/generic-pool-3.9.0.tgz",
      "integrity": "sha512-hymDOu5B53XvN4QT9dBmZxPX4CWhBPPLguTZ9MMFeFa/Kg0xWVfylOVNlJji/E7yTZWFd/q9GO5TxDLq156D7g==",
      "engines": {
        "node": ">= 4"
      }
    },
    "node_modules/redis": {
      "version": "4.6.10",
      "resolved": "https://registry.npmjs.org/redis/-/redis-4.6.10.tgz",
      "integrity": "sha512-mmbyhuKgDiJ5TWUhiKhBssz+mjsuSI/lSZNPI9QvZOYzWvYGejtb+W3RlDDf8LD6Bdl5/mZeG8O1feUGhXTxEg==",
      "dependencies": {
        "@redis/bloom": "1.2.0",
        "@redis/client": "1.5.11",
        "@redis/graph": "1.1.0",
        "@redis/json": "1.0.6",
        "@redis/search": "1.1.5",
        "@redis/time-series": "1.0.5"
      }
    },
    "node_modules/yallist": {
      "version": "4.0.0",
      "resolved": "https://registry.npmjs.org/yallist/-/yallist-4.0.0.tgz",
      "integrity": "sha512-3wdGidZyq5PB084XLES5TpOSRA3wjXAlIWMhum2kRcv/41Sn2emQ0dycQW4uZXLejwKvg6EsvbdlVL+FYEct7A=="
    }
  },
  "dependencies": {
    "@redis/bloom": {
      "version": "1.2.0",
      "resolved": "https://registry.npmjs.org/@redis/bloom/-/bloom-1.2.0.tgz",
      "integrity": "sha512-HG2DFjYKbpNmVXsa0keLHp/3leGJz1mjh09f2RLGGLQZzSHpkmZWuwJbAvo3QcRY8p80m5+ZdXZdYOSBLlp7Cg==",
      "requires": {}
    },
    "@redis/client": {
      "version": "1.5.11",
      "resolved": "https://registry.npmjs.org/@redis/client/-/client-1.5.11.tgz",
      "integrity": "sha512-cV7yHcOAtNQ5x/yQl7Yw1xf53kO0FNDTdDU6bFIMbW6ljB7U7ns0YRM+QIkpoqTAt6zK5k9Fq0QWlUbLcq9AvA==",
      "requires": {
        "cluster-key-slot": "1.1.2",
        "generic-pool": "3.9.0",
        "yallist": "4.0.0"
      }
    },
    "@redis/graph": {
      "version": "1.1.0",
      "resolved": "https://registry.npmjs.org/@redis/graph/-/graph-1.1.0.tgz",
      "integrity": "sha512-16yZWngxyXPd+MJxeSr0dqh2AIOi8j9yXKcKCwVaKDbH3HTuETpDVPcLujhFYVPtYrngSco31BUcSa9TH31Gqg==",
      "requires": {}
    },
    "@redis/json": {
      "version": "1.0.6",
      "resolved": "https://registry.npmjs.org/@redis/json/-/json-1.0.6.tgz",
      "integrity": "sha512-rcZO3bfQbm2zPRpqo82XbW8zg4G/w4W3tI7X8Mqleq9goQjAGLL7q/1n1ZX4dXEAmORVZ4s1+uKLaUOg7LrUhw==",
      "requires": {}
    },
    "@redis/search": {
      "version": "1.1.5",
      "resolved": "https://registry.npmjs.org/@redis/search/-/search-1.1.5.tgz",
      "integrity": "sha512-hPP8w7GfGsbtYEJdn4n7nXa6xt6hVZnnDktKW4ArMaFQ/m/aR7eFvsLQmG/mn1Upq99btPJk+F27IQ2dYpCoUg==",
      "requires": {}
    },
    "@redis/time-series": {
      "version": "1.0.5",
      "resolved": "https://registry.npmjs.org/@redis/time-series/-/time-series-1.0.5.tgz",
      "integrity": "sha512-IFjIgTusQym2B5IZJG3XKr5llka7ey84fw/NOYqESP5WUfQs9zz1ww/9+qoz4ka/S6KcGBodzlCeZ5UImKbscg==",
      "requires": {}
    },
    "@types/redis": {
      "version": "4.0.11",
      "resolved": "https://registry.npmjs.org/@types/redis/-/redis-4.0.11.tgz",
      "integrity": "sha512-bI+gth8La8Wg/QCR1+V1fhrL9+LZUSWfcqpOj2Kc80ZQ4ffbdL173vQd5wovmoV9i071FU9oP2g6etLuEwb6Rg==",
      "requires": {
        "redis": "*"
      }
    },
    "cluster-key-slot": {
      "version": "1.1.2",
      "resolved": "https://registry.npmjs.org/cluster-key-slot/-/cluster-key-slot-1.1.2.tgz",
      "integrity": "sha512-RMr0FhtfXemyinomL4hrWcYJxmX6deFdCxpJzhDttxgO1+bcCnkk+9drydLVDmAMG7NE6aN/fl4F7ucU/90gAA=="
    },
    "generic-pool": {
      "version": "3.9.0",
      "resolved": "https://registry.npmjs.org/generic-pool/-/generic-pool-3.9.0.tgz",
      "integrity": "sha512-hymDOu5B53XvN4QT9dBmZxPX4CWhBPPLguTZ9MMFeFa/Kg0xWVfylOVNlJji/E7yTZWFd/q9GO5TxDLq156D7g=="
    },
    "redis": {
      "version": "4.6.10",
      "resolved": "https://registry.npmjs.org/redis/-/redis-4.6.10.tgz",
      "integrity": "sha512-mmbyhuKgDiJ5TWUhiKhBssz+mjsuSI/lSZNPI9QvZOYzWvYGejtb+W3RlDDf8LD6Bdl5/mZeG8O1feUGhXTxEg==",
      "requires": {
        "@redis/bloom": "1.2.0",
        "@redis/client": "1.5.11",
        "@redis/graph": "1.1.0",
        "@redis/json": "1.0.6",
        "@redis/search": "1.1.5",
        "@redis/time-series": "1.0.5"
      }
    },
    "yallist": {
      "version": "4.0.0",
      "resolved": "https://registry.npmjs.org/yallist/-/yallist-4.0.0.tgz",
      "integrity": "sha512-3wdGidZyq5PB084XLES5TpOSRA3wjXAlIWMhum2kRcv/41Sn2emQ0dycQW4uZXLejwKvg6EsvbdlVL+FYEct7A=="
    }
  }
}
